{
  "name": "cloudforge-monorepo-reference",
  "version": "1.0.0",
  "lockfileVersion": 3,
  "requires": true,
  "packages": {
    "": {
      "name": "cloudforge-monorepo-reference",
      "version": "1.0.0",
      "workspaces": [
        "apps/http",
        "packages/shared"
      ]
    },
    "apps/http": {
      "name": "monorepo-http",
      "version": "1.0.0",
      "dependencies": {
        "@cloudforge/shared": "1.0.0"
      },
      "engines": {
        "node": ">=24"
      }
    },
    "node_modules/@cloudforge/shared": {
      "resolved": "packages/shared",
      "link": true
    },
    "node_modules/monorepo-http": {
      "resolved": "apps/http",
      "link": true
    },
    "packages/shared": {
      "name": "@cloudforge/shared",
      "version": "1.0.0"
    }
  }
}
